
Microsoft Visual Studio Solution File, Format Version 12.00
# Visual Studio 15
VisualStudioVersion = 15.0.27130.2010
MinimumVisualStudioVersion = 10.0.40219.1
Project("{FAE04EC0-301F-11D3-BF4B-00C04F79EFBC}") = "Servicios", "Servicios\Servicios.csproj", "{4DB24110-E342-4918-9101-318E28DC2762}"
EndProject
Project("{FAE04EC0-301F-11D3-BF4B-00C04F79EFBC}") = "Dominio", "Dominio\Dominio.csproj", "{C277C96E-E401-43E2-AA84-5C0C5A1EFC94}"
EndProject
Project("{FAE04EC0-301F-11D3-BF4B-00C04F79EFBC}") = "RegnumBotWin", "RegnumBotWin\RegnumBotWin.csproj", "{D7E357C9-B9FA-4D36-87ED-C39FE30AE4CF}"
EndProject
Project("{FAE04EC0-301F-11D3-BF4B-00C04F79EFBC}") = "Dependencias", "Dependencias\Dependencias.csproj", "{2C2D07B6-091B-465C-9CCA-4B3C5CE89542}"
EndProject
Project("{FAE04EC0-301F-11D3-BF4B-00C04F79EFBC}") = "MapEditor", "MapEditor\MapEditor.csproj", "{47511DA5-FA09-4862-81D0-E3800356FE0B}"
EndProject
Project("{FAE04EC0-301F-11D3-BF4B-00C04F79EFBC}") = "RegnumBotCartero", "RegnumBotCartero\RegnumBotCartero.csproj", "{FA9FD7DC-F108-4789-96CD-1C31776E53D8}"
EndProject
Global
	GlobalSection(SolutionConfigurationPlatforms) = preSolution
		Debug|Any CPU = Debug|Any CPU
		Release|Any CPU = Release|Any CPU
	EndGlobalSection
	GlobalSection(ProjectConfigurationPlatforms) = postSolution
		{4DB24110-E342-4918-9101-318E28DC2762}.Debug|Any CPU.ActiveCfg = Debug|Any CPU
		{4DB24110-E342-4918-9101-318E28DC2762}.Debug|Any CPU.Build.0 = Debug|Any CPU
		{4DB24110-E342-4918-9101-318E28DC2762}.Release|Any CPU.ActiveCfg = Release|Any CPU
		{4DB24110-E342-4918-9101-318E28DC2762}.Release|Any CPU.Build.0 = Release|Any CPU
		{C277C96E-E401-43E2-AA84-5C0C5A1EFC94}.Debug|Any CPU.ActiveCfg = Debug|Any CPU
		{C277C96E-E401-43E2-AA84-5C0C5A1EFC94}.Debug|Any CPU.Build.0 = Debug|Any CPU
		{C277C96E-E401-43E2-AA84-5C0C5A1EFC94}.Release|Any CPU.ActiveCfg = Release|Any CPU
		{C277C96E-E401-43E2-AA84-5C0C5A1EFC94}.Release|Any CPU.Build.0 = Release|Any CPU
		{D7E357C9-B9FA-4D36-87ED-C39FE30AE4CF}.Debug|Any CPU.ActiveCfg = Debug|Any CPU
		{D7E357C9-B9FA-4D36-87ED-C39FE30AE4CF}.Debug|Any CPU.Build.0 = Debug|Any CPU
		{D7E357C9-B9FA-4D36-87ED-C39FE30AE4CF}.Release|Any CPU.ActiveCfg = Release|Any CPU
		{D7E357C9-B9FA-4D36-87ED-C39FE30AE4CF}.Release|Any CPU.Build.0 = Release|Any CPU
		{2C2D07B6-091B-465C-9CCA-4B3C5CE89542}.Debug|Any CPU.ActiveCfg = Debug|Any CPU
		{2C2D07B6-091B-465C-9CCA-4B3C5CE89542}.Debug|Any CPU.Build.0 = Debug|Any CPU
		{2C2D07B6-091B-465C-9CCA-4B3C5CE89542}.Release|Any CPU.ActiveCfg = Release|Any CPU
		{2C2D07B6-091B-465C-9CCA-4B3C5CE89542}.Release|Any CPU.Build.0 = Release|Any CPU
		{47511DA5-FA09-4862-81D0-E3800356FE0B}.Debug|Any CPU.ActiveCfg = Debug|Any CPU
		{47511DA5-FA09-4862-81D0-E3800356FE0B}.Debug|Any CPU.Build.0 = Debug|Any CPU
		{47511DA5-FA09-4862-81D0-E3800356FE0B}.Release|Any CPU.ActiveCfg = Release|Any CPU
		{47511DA5-FA09-4862-81D0-E3800356FE0B}.Release|Any CPU.Build.0 = Release|Any CPU
		{FA9FD7DC-F108-4789-96CD-1C31776E53D8}.Debug|Any CPU.ActiveCfg = Debug|Any CPU
		{FA9FD7DC-F108-4789-96CD-1C31776E53D8}.Debug|Any CPU.Build.0 = Debug|Any CPU
		{FA9FD7DC-F108-4789-96CD-1C31776E53D8}.Release|Any CPU.ActiveCfg = Release|Any CPU
		{FA9FD7DC-F108-4789-96CD-1C31776E53D8}.Release|Any CPU.Build.0 = Release|Any CPU
	EndGlobalSection
	GlobalSection(SolutionProperties) = preSolution
		HideSolutionNode = FALSE
	EndGlobalSection
	GlobalSection(ExtensibilityGlobals) = postSolution
		SolutionGuid = {50046880-E12A-4D57-9947-701BA0DEB563}
	EndGlobalSection
EndGlobal
